PODS:
  - ARFacebookShareKitActivity (1.1.1):
    - ARFacebookShareKitActivity/AppInviteActivity (= 1.1.1)
    - ARFacebookShareKitActivity/ShareLinkActivity (= 1.1.1)
    - ARFacebookShareKitActivity/ShareMediaActivity (= 1.1.1)
    - ARFacebookShareKitActivity/SharingDelegateExtension (= 1.1.1)
    - ARFacebookShareKitActivity/SharingExtension (= 1.1.1)
    - Bolts
    - FBSDKCoreKit
    - FBSDKShareKit
  - ARFacebookShareKitActivity/AppInviteActivity (1.1.1):
    - ARFacebookShareKitActivity/SharingDelegateExtension
    - Bolts
    - FBSDKCoreKit
    - FBSDKShareKit
  - ARFacebookShareKitActivity/ShareLinkActivity (1.1.1):
    - ARFacebookShareKitActivity/SharingDelegateExtension
    - Bolts
    - FBSDKCoreKit
    - FBSDKShareKit
  - ARFacebookShareKitActivity/ShareMediaActivity (1.1.1):
    - ARFacebookShareKitActivity/SharingDelegateExtension
    - Bolts
    - FBSDKCoreKit
    - FBSDKShareKit
  - ARFacebookShareKitActivity/SharingDelegateExtension (1.1.1):
    - Bolts
    - FBSDKCoreKit
    - FBSDKShareKit
  - ARFacebookShareKitActivity/SharingExtension (1.1.1):
    - ARFacebookShareKitActivity/SharingDelegateExtension
    - Bolts
    - FBSDKCoreKit
    - FBSDKShareKit
  - Bolts (1.8.4):
    - Bolts/AppLinks (= 1.8.4)
    - Bolts/Tasks (= 1.8.4)
  - Bolts/AppLinks (1.8.4):
    - Bolts/Tasks
  - Bolts/Tasks (1.8.4)
  - FBSDKCoreKit (4.16.0):
    - Bolts (~> 1.7)
  - FBSDKShareKit (4.16.0):
    - FBSDKCoreKit

DEPENDENCIES:
  - ARFacebookShareKitActivity (from `../`)

EXTERNAL SOURCES:
  ARFacebookShareKitActivity:
    :path: "../"

SPEC CHECKSUMS:
  ARFacebookShareKitActivity: 16111928b9908a146827af63e4e00ba0f5de7295
  Bolts: 8a7995239dbe724f9cba2248b766d48b7ebdd322
  FBSDKCoreKit: 7a6baaed4a2b2a244ba253346713bdbc74df135b
  FBSDKShareKit: e81505de17fc0624cbaa87b83cccc9f2a786e6cb

PODFILE CHECKSUM: a7db2ac77a7656820cd0520a0c901e02f213c61b

COCOAPODS: 1.1.0.rc.2
